
Microsoft Visual Studio Solution File, Format Version 12.00
# Visual Studio Version 17
VisualStudioVersion = 17.8.34330.188
MinimumVisualStudioVersion = 10.0.40219.1
Project("{FAE04EC0-301F-11D3-BF4B-00C04F79EFBC}") = "Srota.Core", "src\Srota.Core\Srota.Core.csproj", "{872788F3-4518-467F-9A45-3CC8491E7E2B}"
EndProject
Project("{FAE04EC0-301F-11D3-BF4B-00C04F79EFBC}") = "Srota.Tests", "tests\Srota.Tests\Srota.Tests.csproj", "{332C9E11-7FF4-4920-8423-D7828D69C18D}"
EndProject
Project("{FAE04EC0-301F-11D3-BF4B-00C04F79EFBC}") = "Srota.Examples", "examples\Srota.Examples\Srota.Examples.csproj", "{CBAA20E5-65B7-4EAF-9454-E7251F4F4231}"
EndProject
Global
	GlobalSection(SolutionConfigurationPlatforms) = preSolution
		Debug|Any CPU = Debug|Any CPU
		Release|Any CPU = Release|Any CPU
	EndGlobalSection
	GlobalSection(ProjectConfigurationPlatforms) = postSolution
		{872788F3-4518-467F-9A45-3CC8491E7E2B}.Debug|Any CPU.ActiveCfg = Debug|Any CPU
		{872788F3-4518-467F-9A45-3CC8491E7E2B}.Debug|Any CPU.Build.0 = Debug|Any CPU
		{872788F3-4518-467F-9A45-3CC8491E7E2B}.Release|Any CPU.ActiveCfg = Release|Any CPU
		{872788F3-4518-467F-9A45-3CC8491E7E2B}.Release|Any CPU.Build.0 = Release|Any CPU
		{332C9E11-7FF4-4920-8423-D7828D69C18D}.Debug|Any CPU.ActiveCfg = Debug|Any CPU
		{332C9E11-7FF4-4920-8423-D7828D69C18D}.Debug|Any CPU.Build.0 = Debug|Any CPU
		{332C9E11-7FF4-4920-8423-D7828D69C18D}.Release|Any CPU.ActiveCfg = Release|Any CPU
		{332C9E11-7FF4-4920-8423-D7828D69C18D}.Release|Any CPU.Build.0 = Release|Any CPU
		{CBAA20E5-65B7-4EAF-9454-E7251F4F4231}.Debug|Any CPU.ActiveCfg = Debug|Any CPU
		{CBAA20E5-65B7-4EAF-9454-E7251F4F4231}.Debug|Any CPU.Build.0 = Debug|Any CPU
		{CBAA20E5-65B7-4EAF-9454-E7251F4F4231}.Release|Any CPU.ActiveCfg = Release|Any CPU
		{CBAA20E5-65B7-4EAF-9454-E7251F4F4231}.Release|Any CPU.Build.0 = Release|Any CPU
	EndGlobalSection
	GlobalSection(SolutionProperties) = preSolution
		HideSolutionNode = FALSE
	EndGlobalSection
	GlobalSection(ExtensibilityGlobals) = postSolution
		SolutionGuid = {5144A2D7-EDDD-4E9F-A16E-6882794B8739}
	EndGlobalSection
EndGlobal
